
Microsoft Visual Studio Solution File, Format Version 12.00
Project("{2150E333-8FDC-42A3-9474-1A3956D46DE8}") = "src", "src", "{727D65B8-3C7E-473D-8289-880BA29755A7}"
EndProject
Project("{2150E333-8FDC-42A3-9474-1A3956D46DE8}") = "API", "API", "{3D797A69-A0E9-48F2-838E-8472323FA2AA}"
EndProject
Project("{2150E333-8FDC-42A3-9474-1A3956D46DE8}") = "Common", "Common", "{86402706-ED45-43BF-A127-7471E0AD4FA1}"
EndProject
Project("{2150E333-8FDC-42A3-9474-1A3956D46DE8}") = "Core", "Core", "{EC9D641D-C695-469A-A3BF-04296FF073D4}"
EndProject
Project("{2150E333-8FDC-42A3-9474-1A3956D46DE8}") = "Infrastructure", "Infrastructure", "{C7270A33-43F0-4135-8AB7-FEB0134BD216}"
EndProject
Project("{FAE04EC0-301F-11D3-BF4B-00C04F79EFBC}") = "Job.Notes.Api", "src\Job.Notes.Api\Job.Notes.Api.csproj", "{7B2A8FE0-BA63-4830-BF46-8086D3D44565}"
EndProject
Project("{FAE04EC0-301F-11D3-BF4B-00C04F79EFBC}") = "Job.Notes.Domain", "src\Job.Notes.Domain\Job.Notes.Domain.csproj", "{65BAD583-CC01-4E5B-9648-353051BAA94B}"
EndProject
Project("{FAE04EC0-301F-11D3-BF4B-00C04F79EFBC}") = "Job.Notes.Application", "src\Job.Notes.Application\Job.Notes.Application.csproj", "{B44AF500-DBA8-4E85-B40A-1095B5B24D88}"
EndProject
Project("{FAE04EC0-301F-11D3-BF4B-00C04F79EFBC}") = "Job.Notes.Persistence", "src\Job.Notes.Persistence\Job.Notes.Persistence.csproj", "{CED36434-DC40-43BD-A3D3-98C75EA33BA3}"
EndProject
Project("{FAE04EC0-301F-11D3-BF4B-00C04F79EFBC}") = "Job.Notes.External", "src\Job.Notes.External\Job.Notes.External.csproj", "{8CF89773-BB2B-4EC0-BAF2-54ED90CC5733}"
EndProject
Project("{FAE04EC0-301F-11D3-BF4B-00C04F79EFBC}") = "Job.Notes.Common", "src\Job.Notes.Common\Job.Notes.Common.csproj", "{8F53F686-554B-44FF-B79C-9DAA049DAFA5}"
EndProject
Global
	GlobalSection(SolutionConfigurationPlatforms) = preSolution
		Debug|Any CPU = Debug|Any CPU
		Release|Any CPU = Release|Any CPU
	EndGlobalSection
	GlobalSection(NestedProjects) = preSolution
		{3D797A69-A0E9-48F2-838E-8472323FA2AA} = {727D65B8-3C7E-473D-8289-880BA29755A7}
		{86402706-ED45-43BF-A127-7471E0AD4FA1} = {727D65B8-3C7E-473D-8289-880BA29755A7}
		{EC9D641D-C695-469A-A3BF-04296FF073D4} = {727D65B8-3C7E-473D-8289-880BA29755A7}
		{C7270A33-43F0-4135-8AB7-FEB0134BD216} = {727D65B8-3C7E-473D-8289-880BA29755A7}
		{7B2A8FE0-BA63-4830-BF46-8086D3D44565} = {3D797A69-A0E9-48F2-838E-8472323FA2AA}
		{65BAD583-CC01-4E5B-9648-353051BAA94B} = {EC9D641D-C695-469A-A3BF-04296FF073D4}
		{B44AF500-DBA8-4E85-B40A-1095B5B24D88} = {EC9D641D-C695-469A-A3BF-04296FF073D4}
		{CED36434-DC40-43BD-A3D3-98C75EA33BA3} = {C7270A33-43F0-4135-8AB7-FEB0134BD216}
		{8CF89773-BB2B-4EC0-BAF2-54ED90CC5733} = {C7270A33-43F0-4135-8AB7-FEB0134BD216}
		{8F53F686-554B-44FF-B79C-9DAA049DAFA5} = {86402706-ED45-43BF-A127-7471E0AD4FA1}
	EndGlobalSection
	GlobalSection(ProjectConfigurationPlatforms) = postSolution
		{7B2A8FE0-BA63-4830-BF46-8086D3D44565}.Debug|Any CPU.ActiveCfg = Debug|Any CPU
		{7B2A8FE0-BA63-4830-BF46-8086D3D44565}.Debug|Any CPU.Build.0 = Debug|Any CPU
		{7B2A8FE0-BA63-4830-BF46-8086D3D44565}.Release|Any CPU.ActiveCfg = Release|Any CPU
		{7B2A8FE0-BA63-4830-BF46-8086D3D44565}.Release|Any CPU.Build.0 = Release|Any CPU
		{65BAD583-CC01-4E5B-9648-353051BAA94B}.Debug|Any CPU.ActiveCfg = Debug|Any CPU
		{65BAD583-CC01-4E5B-9648-353051BAA94B}.Debug|Any CPU.Build.0 = Debug|Any CPU
		{65BAD583-CC01-4E5B-9648-353051BAA94B}.Release|Any CPU.ActiveCfg = Release|Any CPU
		{65BAD583-CC01-4E5B-9648-353051BAA94B}.Release|Any CPU.Build.0 = Release|Any CPU
		{B44AF500-DBA8-4E85-B40A-1095B5B24D88}.Debug|Any CPU.ActiveCfg = Debug|Any CPU
		{B44AF500-DBA8-4E85-B40A-1095B5B24D88}.Debug|Any CPU.Build.0 = Debug|Any CPU
		{B44AF500-DBA8-4E85-B40A-1095B5B24D88}.Release|Any CPU.ActiveCfg = Release|Any CPU
		{B44AF500-DBA8-4E85-B40A-1095B5B24D88}.Release|Any CPU.Build.0 = Release|Any CPU
		{CED36434-DC40-43BD-A3D3-98C75EA33BA3}.Debug|Any CPU.ActiveCfg = Debug|Any CPU
		{CED36434-DC40-43BD-A3D3-98C75EA33BA3}.Debug|Any CPU.Build.0 = Debug|Any CPU
		{CED36434-DC40-43BD-A3D3-98C75EA33BA3}.Release|Any CPU.ActiveCfg = Release|Any CPU
		{CED36434-DC40-43BD-A3D3-98C75EA33BA3}.Release|Any CPU.Build.0 = Release|Any CPU
		{8CF89773-BB2B-4EC0-BAF2-54ED90CC5733}.Debug|Any CPU.ActiveCfg = Debug|Any CPU
		{8CF89773-BB2B-4EC0-BAF2-54ED90CC5733}.Debug|Any CPU.Build.0 = Debug|Any CPU
		{8CF89773-BB2B-4EC0-BAF2-54ED90CC5733}.Release|Any CPU.ActiveCfg = Release|Any CPU
		{8CF89773-BB2B-4EC0-BAF2-54ED90CC5733}.Release|Any CPU.Build.0 = Release|Any CPU
		{8F53F686-554B-44FF-B79C-9DAA049DAFA5}.Debug|Any CPU.ActiveCfg = Debug|Any CPU
		{8F53F686-554B-44FF-B79C-9DAA049DAFA5}.Debug|Any CPU.Build.0 = Debug|Any CPU
		{8F53F686-554B-44FF-B79C-9DAA049DAFA5}.Release|Any CPU.ActiveCfg = Release|Any CPU
		{8F53F686-554B-44FF-B79C-9DAA049DAFA5}.Release|Any CPU.Build.0 = Release|Any CPU
	EndGlobalSection
EndGlobal
